// !$*UTF8*$!
{
	archiveVersion = 1;
	classes = {
	};
	objectVersion = 46;
	objects = {

/* Begin PBXBuildFile section */
		D38AFCD81D9D05FA0087EAF9 /* AppDelegate.swift in Sources */ = {isa = PBXBuildFile; fileRef = D38AFCD71D9D05FA0087EAF9 /* AppDelegate.swift */; };
		D38AFCDF1D9D05FA0087EAF9 /* Assets.xcassets in Resources */ = {isa = PBXBuildFile; fileRef = D38AFCDE1D9D05FA0087EAF9 /* Assets.xcassets */; };
		D38AFCE21D9D05FA0087EAF9 /* LaunchScreen.storyboard in Resources */ = {isa = PBXBuildFile; fileRef = D38AFCE01D9D05FA0087EAF9 /* LaunchScreen.storyboard */; };
		D38AFCEB1D9D07EE0087EAF9 /* Model.xcdatamodeld in Sources */ = {isa = PBXBuildFile; fileRef = D38AFCE91D9D07EE0087EAF9 /* Model.xcdatamodeld */; };
		D38AFD1D1D9D8E8B0087EAF9 /* emptyBookCover.png in Resources */ = {isa = PBXBuildFile; fileRef = D38AFD1A1D9D8E8B0087EAF9 /* emptyBookCover.png */; };
		D38AFD1E1D9D8E8B0087EAF9 /* emptyPdf.pdf in Resources */ = {isa = PBXBuildFile; fileRef = D38AFD1B1D9D8E8B0087EAF9 /* emptyPdf.pdf */; };
		D38AFD1F1D9D8E8B0087EAF9 /* books_readable.json in Resources */ = {isa = PBXBuildFile; fileRef = D38AFD1C1D9D8E8B0087EAF9 /* books_readable.json */; };
		D3B75CF01D9FBF8A0017AA2B /* CoreDataTableViewController.swift in Sources */ = {isa = PBXBuildFile; fileRef = D3B75CEF1D9FBF8A0017AA2B /* CoreDataTableViewController.swift */; };
		D3B75D431DA11C5B0017AA2B /* Tag+CoreDataClass.swift in Sources */ = {isa = PBXBuildFile; fileRef = D3B75D311DA11C5A0017AA2B /* Tag+CoreDataClass.swift */; };
		D3B75D441DA11C5B0017AA2B /* Tag+CoreDataProperties.swift in Sources */ = {isa = PBXBuildFile; fileRef = D3B75D321DA11C5A0017AA2B /* Tag+CoreDataProperties.swift */; };
		D3B75D451DA11C5B0017AA2B /* Book+CoreDataClass.swift in Sources */ = {isa = PBXBuildFile; fileRef = D3B75D331DA11C5A0017AA2B /* Book+CoreDataClass.swift */; };
		D3B75D461DA11C5B0017AA2B /* Book+CoreDataProperties.swift in Sources */ = {isa = PBXBuildFile; fileRef = D3B75D341DA11C5A0017AA2B /* Book+CoreDataProperties.swift */; };
		D3B75D471DA11C5B0017AA2B /* Note+CoreDataClass.swift in Sources */ = {isa = PBXBuildFile; fileRef = D3B75D351DA11C5A0017AA2B /* Note+CoreDataClass.swift */; };
		D3B75D481DA11C5B0017AA2B /* Note+CoreDataProperties.swift in Sources */ = {isa = PBXBuildFile; fileRef = D3B75D361DA11C5A0017AA2B /* Note+CoreDataProperties.swift */; };
		D3B75D491DA11C5B0017AA2B /* Author+CoreDataClass.swift in Sources */ = {isa = PBXBuildFile; fileRef = D3B75D371DA11C5A0017AA2B /* Author+CoreDataClass.swift */; };
		D3B75D4A1DA11C5B0017AA2B /* Author+CoreDataProperties.swift in Sources */ = {isa = PBXBuildFile; fileRef = D3B75D381DA11C5A0017AA2B /* Author+CoreDataProperties.swift */; };
		D3B75D4B1DA11C5B0017AA2B /* Geoloc+CoreDataClass.swift in Sources */ = {isa = PBXBuildFile; fileRef = D3B75D391DA11C5A0017AA2B /* Geoloc+CoreDataClass.swift */; };
		D3B75D4C1DA11C5B0017AA2B /* Geoloc+CoreDataProperties.swift in Sources */ = {isa = PBXBuildFile; fileRef = D3B75D3A1DA11C5A0017AA2B /* Geoloc+CoreDataProperties.swift */; };
		D3B75D4D1DA11C5B0017AA2B /* CoverPage+CoreDataClass.swift in Sources */ = {isa = PBXBuildFile; fileRef = D3B75D3B1DA11C5A0017AA2B /* CoverPage+CoreDataClass.swift */; };
		D3B75D4F1DA11C5B0017AA2B /* Pdf+CoreDataClass.swift in Sources */ = {isa = PBXBuildFile; fileRef = D3B75D3D1DA11C5A0017AA2B /* Pdf+CoreDataClass.swift */; };
		D3B75D501DA11C5B0017AA2B /* Pdf+CoreDataProperties.swift in Sources */ = {isa = PBXBuildFile; fileRef = D3B75D3E1DA11C5B0017AA2B /* Pdf+CoreDataProperties.swift */; };
		D3B75D511DA11C5B0017AA2B /* BookTag+CoreDataClass.swift in Sources */ = {isa = PBXBuildFile; fileRef = D3B75D3F1DA11C5B0017AA2B /* BookTag+CoreDataClass.swift */; };
		D3B75D521DA11C5B0017AA2B /* BookTag+CoreDataProperties.swift in Sources */ = {isa = PBXBuildFile; fileRef = D3B75D401DA11C5B0017AA2B /* BookTag+CoreDataProperties.swift */; };
		D3B75D531DA11C5B0017AA2B /* Photo+CoreDataClass.swift in Sources */ = {isa = PBXBuildFile; fileRef = D3B75D411DA11C5B0017AA2B /* Photo+CoreDataClass.swift */; };
		D3B75D541DA11C5B0017AA2B /* Photo+CoreDataProperties.swift in Sources */ = {isa = PBXBuildFile; fileRef = D3B75D421DA11C5B0017AA2B /* Photo+CoreDataProperties.swift */; };
		D3B75D5A1DA131150017AA2B /* CoverPage+CoreDataProperties.swift in Sources */ = {isa = PBXBuildFile; fileRef = D3B75D591DA131150017AA2B /* CoverPage+CoreDataProperties.swift */; };
		D3B75D5C1DA13ED40017AA2B /* CoreDataStack.swift in Sources */ = {isa = PBXBuildFile; fileRef = D3B75D5B1DA13ED40017AA2B /* CoreDataStack.swift */; };
		D3B75D5F1DA192F60017AA2B /* LibraryTableViewController.swift in Sources */ = {isa = PBXBuildFile; fileRef = D3B75D5D1DA192F60017AA2B /* LibraryTableViewController.swift */; };
		D3B75D601DA192F60017AA2B /* LibraryTableViewController.xib in Resources */ = {isa = PBXBuildFile; fileRef = D3B75D5E1DA192F60017AA2B /* LibraryTableViewController.xib */; };
		D3B75D621DA195EF0017AA2B /* JSONProcessing.swift in Sources */ = {isa = PBXBuildFile; fileRef = D3B75D611DA195EF0017AA2B /* JSONProcessing.swift */; };
		D3B75D641DA196BA0017AA2B /* AsyncData.swift in Sources */ = {isa = PBXBuildFile; fileRef = D3B75D631DA196BA0017AA2B /* AsyncData.swift */; };
/* End PBXBuildFile section */

/* Begin PBXFileReference section */
		D38AFCD41D9D05FA0087EAF9 /* HackerBooks2.app */ = {isa = PBXFileReference; explicitFileType = wrapper.application; includeInIndex = 0; path = HackerBooks2.app; sourceTree = BUILT_PRODUCTS_DIR; };
		D38AFCD71D9D05FA0087EAF9 /* AppDelegate.swift */ = {isa = PBXFileReference; lastKnownFileType = sourcecode.swift; path = AppDelegate.swift; sourceTree = "<group>"; };
		D38AFCDE1D9D05FA0087EAF9 /* Assets.xcassets */ = {isa = PBXFileReference; lastKnownFileType = folder.assetcatalog; path = Assets.xcassets; sourceTree = "<group>"; };
		D38AFCE11D9D05FA0087EAF9 /* Base */ = {isa = PBXFileReference; lastKnownFileType = file.storyboard; name = Base; path = Base.lproj/LaunchScreen.storyboard; sourceTree = "<group>"; };
		D38AFCE31D9D05FA0087EAF9 /* Info.plist */ = {isa = PBXFileReference; lastKnownFileType = text.plist.xml; path = Info.plist; sourceTree = "<group>"; };
		D38AFCEA1D9D07EE0087EAF9 /* Model.xcdatamodel */ = {isa = PBXFileReference; lastKnownFileType = wrapper.xcdatamodel; path = Model.xcdatamodel; sourceTree = "<group>"; };
		D38AFD1A1D9D8E8B0087EAF9 /* emptyBookCover.png */ = {isa = PBXFileReference; lastKnownFileType = image.png; path = emptyBookCover.png; sourceTree = "<group>"; };
		D38AFD1B1D9D8E8B0087EAF9 /* emptyPdf.pdf */ = {isa = PBXFileReference; lastKnownFileType = image.pdf; path = emptyPdf.pdf; sourceTree = "<group>"; };
		D38AFD1C1D9D8E8B0087EAF9 /* books_readable.json */ = {isa = PBXFileReference; fileEncoding = 4; lastKnownFileType = text.json; path = books_readable.json; sourceTree = "<group>"; };
		D3B75CEF1D9FBF8A0017AA2B /* CoreDataTableViewController.swift */ = {isa = PBXFileReference; fileEncoding = 4; lastKnownFileType = sourcecode.swift; path = CoreDataTableViewController.swift; sourceTree = "<group>"; };
		D3B75D311DA11C5A0017AA2B /* Tag+CoreDataClass.swift */ = {isa = PBXFileReference; fileEncoding = 4; lastKnownFileType = sourcecode.swift; name = "Tag+CoreDataClass.swift"; path = "HackerBooks2/Tag+CoreDataClass.swift"; sourceTree = "<group>"; };
		D3B75D321DA11C5A0017AA2B /* Tag+CoreDataProperties.swift */ = {isa = PBXFileReference; fileEncoding = 4; lastKnownFileType = sourcecode.swift; name = "Tag+CoreDataProperties.swift"; path = "HackerBooks2/Tag+CoreDataProperties.swift"; sourceTree = "<group>"; };
		D3B75D331DA11C5A0017AA2B /* Book+CoreDataClass.swift */ = {isa = PBXFileReference; fileEncoding = 4; lastKnownFileType = sourcecode.swift; name = "Book+CoreDataClass.swift"; path = "HackerBooks2/Book+CoreDataClass.swift"; sourceTree = "<group>"; };
		D3B75D341DA11C5A0017AA2B /* Book+CoreDataProperties.swift */ = {isa = PBXFileReference; fileEncoding = 4; lastKnownFileType = sourcecode.swift; name = "Book+CoreDataProperties.swift"; path = "HackerBooks2/Book+CoreDataProperties.swift"; sourceTree = "<group>"; };
		D3B75D351DA11C5A0017AA2B /* Note+CoreDataClass.swift */ = {isa = PBXFileReference; fileEncoding = 4; lastKnownFileType = sourcecode.swift; name = "Note+CoreDataClass.swift"; path = "HackerBooks2/Note+CoreDataClass.swift"; sourceTree = "<group>"; };
		D3B75D361DA11C5A0017AA2B /* Note+CoreDataProperties.swift */ = {isa = PBXFileReference; fileEncoding = 4; lastKnownFileType = sourcecode.swift; name = "Note+CoreDataProperties.swift"; path = "HackerBooks2/Note+CoreDataProperties.swift"; sourceTree = "<group>"; };
		D3B75D371DA11C5A0017AA2B /* Author+CoreDataClass.swift */ = {isa = PBXFileReference; fileEncoding = 4; lastKnownFileType = sourcecode.swift; name = "Author+CoreDataClass.swift"; path = "HackerBooks2/Author+CoreDataClass.swift"; sourceTree = "<group>"; };
		D3B75D381DA11C5A0017AA2B /* Author+CoreDataProperties.swift */ = {isa = PBXFileReference; fileEncoding = 4; lastKnownFileType = sourcecode.swift; name = "Author+CoreDataProperties.swift"; path = "HackerBooks2/Author+CoreDataProperties.swift"; sourceTree = "<group>"; };
		D3B75D391DA11C5A0017AA2B /* Geoloc+CoreDataClass.swift */ = {isa = PBXFileReference; fileEncoding = 4; lastKnownFileType = sourcecode.swift; name = "Geoloc+CoreDataClass.swift"; path = "HackerBooks2/Geoloc+CoreDataClass.swift"; sourceTree = "<group>"; };
		D3B75D3A1DA11C5A0017AA2B /* Geoloc+CoreDataProperties.swift */ = {isa = PBXFileReference; fileEncoding = 4; lastKnownFileType = sourcecode.swift; name = "Geoloc+CoreDataProperties.swift"; path = "HackerBooks2/Geoloc+CoreDataProperties.swift"; sourceTree = "<group>"; };
		D3B75D3B1DA11C5A0017AA2B /* CoverPage+CoreDataClass.swift */ = {isa = PBXFileReference; fileEncoding = 4; lastKnownFileType = sourcecode.swift; name = "CoverPage+CoreDataClass.swift"; path = "HackerBooks2/CoverPage+CoreDataClass.swift"; sourceTree = "<group>"; };
		D3B75D3D1DA11C5A0017AA2B /* Pdf+CoreDataClass.swift */ = {isa = PBXFileReference; fileEncoding = 4; lastKnownFileType = sourcecode.swift; name = "Pdf+CoreDataClass.swift"; path = "HackerBooks2/Pdf+CoreDataClass.swift"; sourceTree = "<group>"; };
		D3B75D3E1DA11C5B0017AA2B /* Pdf+CoreDataProperties.swift */ = {isa = PBXFileReference; fileEncoding = 4; lastKnownFileType = sourcecode.swift; name = "Pdf+CoreDataProperties.swift"; path = "HackerBooks2/Pdf+CoreDataProperties.swift"; sourceTree = "<group>"; };
		D3B75D3F1DA11C5B0017AA2B /* BookTag+CoreDataClass.swift */ = {isa = PBXFileReference; fileEncoding = 4; lastKnownFileType = sourcecode.swift; name = "BookTag+CoreDataClass.swift"; path = "HackerBooks2/BookTag+CoreDataClass.swift"; sourceTree = "<group>"; };
		D3B75D401DA11C5B0017AA2B /* BookTag+CoreDataProperties.swift */ = {isa = PBXFileReference; fileEncoding = 4; lastKnownFileType = sourcecode.swift; name = "BookTag+CoreDataProperties.swift"; path = "HackerBooks2/BookTag+CoreDataProperties.swift"; sourceTree = "<group>"; };
		D3B75D411DA11C5B0017AA2B /* Photo+CoreDataClass.swift */ = {isa = PBXFileReference; fileEncoding = 4; lastKnownFileType = sourcecode.swift; name = "Photo+CoreDataClass.swift"; path = "HackerBooks2/Photo+CoreDataClass.swift"; sourceTree = "<group>"; };
		D3B75D421DA11C5B0017AA2B /* Photo+CoreDataProperties.swift */ = {isa = PBXFileReference; fileEncoding = 4; lastKnownFileType = sourcecode.swift; name = "Photo+CoreDataProperties.swift"; path = "HackerBooks2/Photo+CoreDataProperties.swift"; sourceTree = "<group>"; };
		D3B75D591DA131150017AA2B /* CoverPage+CoreDataProperties.swift */ = {isa = PBXFileReference; fileEncoding = 4; lastKnownFileType = sourcecode.swift; name = "CoverPage+CoreDataProperties.swift"; path = "HackerBooks2/CoverPage+CoreDataProperties.swift"; sourceTree = "<group>"; };
		D3B75D5B1DA13ED40017AA2B /* CoreDataStack.swift */ = {isa = PBXFileReference; fileEncoding = 4; lastKnownFileType = sourcecode.swift; path = CoreDataStack.swift; sourceTree = "<group>"; };
		D3B75D5D1DA192F60017AA2B /* LibraryTableViewController.swift */ = {isa = PBXFileReference; fileEncoding = 4; lastKnownFileType = sourcecode.swift; path = LibraryTableViewController.swift; sourceTree = "<group>"; };
		D3B75D5E1DA192F60017AA2B /* LibraryTableViewController.xib */ = {isa = PBXFileReference; fileEncoding = 4; lastKnownFileType = file.xib; path = LibraryTableViewController.xib; sourceTree = "<group>"; };
		D3B75D611DA195EF0017AA2B /* JSONProcessing.swift */ = {isa = PBXFileReference; fileEncoding = 4; lastKnownFileType = sourcecode.swift; path = JSONProcessing.swift; sourceTree = "<group>"; };
		D3B75D631DA196BA0017AA2B /* AsyncData.swift */ = {isa = PBXFileReference; fileEncoding = 4; lastKnownFileType = sourcecode.swift; path = AsyncData.swift; sourceTree = "<group>"; };
/* End PBXFileReference section */

/* Begin PBXFrameworksBuildPhase section */
		D38AFCD11D9D05FA0087EAF9 /* Frameworks */ = {
			isa = PBXFrameworksBuildPhase;
			buildActionMask = 2147483647;
			files = (
			);
			runOnlyForDeploymentPostprocessing = 0;
		};
/* End PBXFrameworksBuildPhase section */

/* Begin PBXGroup section */
		D33212B61D9E5626006C9FFD /* Controllers */ = {
			isa = PBXGroup;
			children = (
				D3B75CEF1D9FBF8A0017AA2B /* CoreDataTableViewController.swift */,
				D3B75D5D1DA192F60017AA2B /* LibraryTableViewController.swift */,
				D3B75D5E1DA192F60017AA2B /* LibraryTableViewController.xib */,
			);
			name = Controllers;
			sourceTree = "<group>";
		};
		D38AFCCB1D9D05FA0087EAF9 = {
			isa = PBXGroup;
			children = (
				D38AFCD61D9D05FA0087EAF9 /* HackerBooks2 */,
				D38AFCD51D9D05FA0087EAF9 /* Products */,
			);
			sourceTree = "<group>";
		};
		D38AFCD51D9D05FA0087EAF9 /* Products */ = {
			isa = PBXGroup;
			children = (
				D38AFCD41D9D05FA0087EAF9 /* HackerBooks2.app */,
			);
			name = Products;
			sourceTree = "<group>";
		};
		D38AFCD61D9D05FA0087EAF9 /* HackerBooks2 */ = {
			isa = PBXGroup;
			children = (
				D38AFD201D9D8E940087EAF9 /* Resources */,
				D38AFD141D9D7B110087EAF9 /* utils */,
				D33212B61D9E5626006C9FFD /* Controllers */,
				D38AFCEC1D9D07FC0087EAF9 /* Model */,
				D38AFCD71D9D05FA0087EAF9 /* AppDelegate.swift */,
				D38AFD191D9D7D870087EAF9 /* app */,
			);
			path = HackerBooks2;
			sourceTree = "<group>";
		};
		D38AFCEC1D9D07FC0087EAF9 /* Model */ = {
			isa = PBXGroup;
			children = (
				D3B75D5B1DA13ED40017AA2B /* CoreDataStack.swift */,
				D38AFD111D9D32CC0087EAF9 /* managed */,
				D38AFCE91D9D07EE0087EAF9 /* Model.xcdatamodeld */,
			);
			name = Model;
			path = ..;
			sourceTree = "<group>";
		};
		D38AFD111D9D32CC0087EAF9 /* managed */ = {
			isa = PBXGroup;
			children = (
				D3B75D311DA11C5A0017AA2B /* Tag+CoreDataClass.swift */,
				D3B75D321DA11C5A0017AA2B /* Tag+CoreDataProperties.swift */,
				D3B75D331DA11C5A0017AA2B /* Book+CoreDataClass.swift */,
				D3B75D341DA11C5A0017AA2B /* Book+CoreDataProperties.swift */,
				D3B75D351DA11C5A0017AA2B /* Note+CoreDataClass.swift */,
				D3B75D361DA11C5A0017AA2B /* Note+CoreDataProperties.swift */,
				D3B75D371DA11C5A0017AA2B /* Author+CoreDataClass.swift */,
				D3B75D381DA11C5A0017AA2B /* Author+CoreDataProperties.swift */,
				D3B75D391DA11C5A0017AA2B /* Geoloc+CoreDataClass.swift */,
				D3B75D3A1DA11C5A0017AA2B /* Geoloc+CoreDataProperties.swift */,
				D3B75D3B1DA11C5A0017AA2B /* CoverPage+CoreDataClass.swift */,
				D3B75D591DA131150017AA2B /* CoverPage+CoreDataProperties.swift */,
				D3B75D3D1DA11C5A0017AA2B /* Pdf+CoreDataClass.swift */,
				D3B75D3E1DA11C5B0017AA2B /* Pdf+CoreDataProperties.swift */,
				D3B75D3F1DA11C5B0017AA2B /* BookTag+CoreDataClass.swift */,
				D3B75D401DA11C5B0017AA2B /* BookTag+CoreDataProperties.swift */,
				D3B75D411DA11C5B0017AA2B /* Photo+CoreDataClass.swift */,
				D3B75D421DA11C5B0017AA2B /* Photo+CoreDataProperties.swift */,
			);
			name = managed;
			sourceTree = "<group>";
		};
		D38AFD141D9D7B110087EAF9 /* utils */ = {
			isa = PBXGroup;
			children = (
				D3B75D631DA196BA0017AA2B /* AsyncData.swift */,
				D3B75D611DA195EF0017AA2B /* JSONProcessing.swift */,
			);
			name = utils;
			sourceTree = "<group>";
		};
		D38AFD191D9D7D870087EAF9 /* app */ = {
			isa = PBXGroup;
			children = (
				D38AFCDE1D9D05FA0087EAF9 /* Assets.xcassets */,
				D38AFCE01D9D05FA0087EAF9 /* LaunchScreen.storyboard */,
				D38AFCE31D9D05FA0087EAF9 /* Info.plist */,
			);
			name = app;
			sourceTree = "<group>";
		};
		D38AFD201D9D8E940087EAF9 /* Resources */ = {
			isa = PBXGroup;
			children = (
				D38AFD1A1D9D8E8B0087EAF9 /* emptyBookCover.png */,
				D38AFD1B1D9D8E8B0087EAF9 /* emptyPdf.pdf */,
				D38AFD1C1D9D8E8B0087EAF9 /* books_readable.json */,
			);
			name = Resources;
			sourceTree = "<group>";
		};
/* End PBXGroup section */

/* Begin PBXNativeTarget section */
		D38AFCD31D9D05FA0087EAF9 /* HackerBooks2 */ = {
			isa = PBXNativeTarget;
			buildConfigurationList = D38AFCE61D9D05FA0087EAF9 /* Build configuration list for PBXNativeTarget "HackerBooks2" */;
			buildPhases = (
				D38AFCD01D9D05FA0087EAF9 /* Sources */,
				D38AFCD11D9D05FA0087EAF9 /* Frameworks */,
				D38AFCD21D9D05FA0087EAF9 /* Resources */,
			);
			buildRules = (
			);
			dependencies = (
			);
			name = HackerBooks2;
			productName = HackerBooks2;
			productReference = D38AFCD41D9D05FA0087EAF9 /* HackerBooks2.app */;
			productType = "com.apple.product-type.application";
		};
/* End PBXNativeTarget section */

/* Begin PBXProject section */
		D38AFCCC1D9D05FA0087EAF9 /* Project object */ = {
			isa = PBXProject;
			attributes = {
				LastSwiftUpdateCheck = 0800;
				LastUpgradeCheck = 0800;
				ORGANIZATIONNAME = vohcan;
				TargetAttributes = {
					D38AFCD31D9D05FA0087EAF9 = {
						CreatedOnToolsVersion = 8.0;
						DevelopmentTeam = 9KUY4UDA79;
						ProvisioningStyle = Automatic;
					};
				};
			};
			buildConfigurationList = D38AFCCF1D9D05FA0087EAF9 /* Build configuration list for PBXProject "HackerBooks2" */;
			compatibilityVersion = "Xcode 3.2";
			developmentRegion = English;
			hasScannedForEncodings = 0;
			knownRegions = (
				en,
				Base,
			);
			mainGroup = D38AFCCB1D9D05FA0087EAF9;
			productRefGroup = D38AFCD51D9D05FA0087EAF9 /* Products */;
			projectDirPath = "";
			projectRoot = "";
			targets = (
				D38AFCD31D9D05FA0087EAF9 /* HackerBooks2 */,
			);
		};
/* End PBXProject section */

/* Begin PBXResourcesBuildPhase section */
		D38AFCD21D9D05FA0087EAF9 /* Resources */ = {
			isa = PBXResourcesBuildPhase;
			buildActionMask = 2147483647;
			files = (
				D38AFD1F1D9D8E8B0087EAF9 /* books_readable.json in Resources */,
				D38AFCE21D9D05FA0087EAF9 /* LaunchScreen.storyboard in Resources */,
				D38AFD1E1D9D8E8B0087EAF9 /* emptyPdf.pdf in Resources */,
				D38AFD1D1D9D8E8B0087EAF9 /* emptyBookCover.png in Resources */,
				D38AFCDF1D9D05FA0087EAF9 /* Assets.xcassets in Resources */,
				D3B75D601DA192F60017AA2B /* LibraryTableViewController.xib in Resources */,
			);
			runOnlyForDeploymentPostprocessing = 0;
		};
/* End PBXResourcesBuildPhase section */

/* Begin PBXSourcesBuildPhase section */
		D38AFCD01D9D05FA0087EAF9 /* Sources */ = {
			isa = PBXSourcesBuildPhase;
			buildActionMask = 2147483647;
			files = (
				D3B75D491DA11C5B0017AA2B /* Author+CoreDataClass.swift in Sources */,
				D3B75D481DA11C5B0017AA2B /* Note+CoreDataProperties.swift in Sources */,
				D38AFCD81D9D05FA0087EAF9 /* AppDelegate.swift in Sources */,
				D3B75D4A1DA11C5B0017AA2B /* Author+CoreDataProperties.swift in Sources */,
				D3B75D461DA11C5B0017AA2B /* Book+CoreDataProperties.swift in Sources */,
				D3B75D4F1DA11C5B0017AA2B /* Pdf+CoreDataClass.swift in Sources */,
				D3B75D621DA195EF0017AA2B /* JSONProcessing.swift in Sources */,
				D3B75D641DA196BA0017AA2B /* AsyncData.swift in Sources */,
				D3B75D501DA11C5B0017AA2B /* Pdf+CoreDataProperties.swift in Sources */,
				D3B75D451DA11C5B0017AA2B /* Book+CoreDataClass.swift in Sources */,
				D3B75D541DA11C5B0017AA2B /* Photo+CoreDataProperties.swift in Sources */,
				D3B75D5F1DA192F60017AA2B /* LibraryTableViewController.swift in Sources */,
				D3B75D4C1DA11C5B0017AA2B /* Geoloc+CoreDataProperties.swift in Sources */,
				D3B75D4D1DA11C5B0017AA2B /* CoverPage+CoreDataClass.swift in Sources */,
				D3B75D5A1DA131150017AA2B /* CoverPage+CoreDataProperties.swift in Sources */,
				D3B75D531DA11C5B0017AA2B /* Photo+CoreDataClass.swift in Sources */,
				D3B75D521DA11C5B0017AA2B /* BookTag+CoreDataProperties.swift in Sources */,
				D3B75CF01D9FBF8A0017AA2B /* CoreDataTableViewController.swift in Sources */,
				D3B75D511DA11C5B0017AA2B /* BookTag+CoreDataClass.swift in Sources */,
				D38AFCEB1D9D07EE0087EAF9 /* Model.xcdatamodeld in Sources */,
				D3B75D5C1DA13ED40017AA2B /* CoreDataStack.swift in Sources */,
				D3B75D441DA11C5B0017AA2B /* Tag+CoreDataProperties.swift in Sources */,
				D3B75D4B1DA11C5B0017AA2B /* Geoloc+CoreDataClass.swift in Sources */,
				D3B75D471DA11C5B0017AA2B /* Note+CoreDataClass.swift in Sources */,
				D3B75D431DA11C5B0017AA2B /* Tag+CoreDataClass.swift in Sources */,
			);
			runOnlyForDeploymentPostprocessing = 0;
		};
/* End PBXSourcesBuildPhase section */

/* Begin PBXVariantGroup section */
		D38AFCE01D9D05FA0087EAF9 /* LaunchScreen.storyboard */ = {
			isa = PBXVariantGroup;
			children = (
				D38AFCE11D9D05FA0087EAF9 /* Base */,
			);
			name = LaunchScreen.storyboard;
			sourceTree = "<group>";
		};
/* End PBXVariantGroup section */

/* Begin XCBuildConfiguration section */
		D38AFCE41D9D05FA0087EAF9 /* Debug */ = {
			isa = XCBuildConfiguration;
			buildSettings = {
				ALWAYS_SEARCH_USER_PATHS = NO;
				CLANG_ANALYZER_NONNULL = YES;
				CLANG_CXX_LANGUAGE_STANDARD = "gnu++0x";
				CLANG_CXX_LIBRARY = "libc++";
				CLANG_ENABLE_MODULES = YES;
				CLANG_ENABLE_OBJC_ARC = YES;
				CLANG_WARN_BOOL_CONVERSION = YES;
				CLANG_WARN_CONSTANT_CONVERSION = YES;
				CLANG_WARN_DIRECT_OBJC_ISA_USAGE = YES_ERROR;
				CLANG_WARN_DOCUMENTATION_COMMENTS = YES;
				CLANG_WARN_EMPTY_BODY = YES;
				CLANG_WARN_ENUM_CONVERSION = YES;
				CLANG_WARN_INFINITE_RECURSION = YES;
				CLANG_WARN_INT_CONVERSION = YES;
				CLANG_WARN_OBJC_ROOT_CLASS = YES_ERROR;
				CLANG_WARN_SUSPICIOUS_MOVES = YES;
				CLANG_WARN_UNREACHABLE_CODE = YES;
				CLANG_WARN__DUPLICATE_METHOD_MATCH = YES;
				"CODE_SIGN_IDENTITY[sdk=iphoneos*]" = "iPhone Developer";
				COPY_PHASE_STRIP = NO;
				DEBUG_INFORMATION_FORMAT = dwarf;
				ENABLE_STRICT_OBJC_MSGSEND = YES;
				ENABLE_TESTABILITY = YES;
				GCC_C_LANGUAGE_STANDARD = gnu99;
				GCC_DYNAMIC_NO_PIC = NO;
				GCC_NO_COMMON_BLOCKS = YES;
				GCC_OPTIMIZATION_LEVEL = 0;
				GCC_PREPROCESSOR_DEFINITIONS = (
					"DEBUG=1",
					"$(inherited)",
				);
				GCC_WARN_64_TO_32_BIT_CONVERSION = YES;
				GCC_WARN_ABOUT_RETURN_TYPE = YES_ERROR;
				GCC_WARN_UNDECLARED_SELECTOR = YES;
				GCC_WARN_UNINITIALIZED_AUTOS = YES_AGGRESSIVE;
				GCC_WARN_UNUSED_FUNCTION = YES;
				GCC_WARN_UNUSED_VARIABLE = YES;
				IPHONEOS_DEPLOYMENT_TARGET = 10.0;
				MTL_ENABLE_DEBUG_INFO = YES;
				ONLY_ACTIVE_ARCH = YES;
				SDKROOT = iphoneos;
				SWIFT_ACTIVE_COMPILATION_CONDITIONS = DEBUG;
				SWIFT_OPTIMIZATION_LEVEL = "-Onone";
			};
			name = Debug;
		};
		D38AFCE51D9D05FA0087EAF9 /* Release */ = {
			isa = XCBuildConfiguration;
			buildSettings = {
				ALWAYS_SEARCH_USER_PATHS = NO;
				CLANG_ANALYZER_NONNULL = YES;
				CLANG_CXX_LANGUAGE_STANDARD = "gnu++0x";
				CLANG_CXX_LIBRARY = "libc++";
				CLANG_ENABLE_MODULES = YES;
				CLANG_ENABLE_OBJC_ARC = YES;
				CLANG_WARN_BOOL_CONVERSION = YES;
				CLANG_WARN_CONSTANT_CONVERSION = YES;
				CLANG_WARN_DIRECT_OBJC_ISA_USAGE = YES_ERROR;
				CLANG_WARN_DOCUMENTATION_COMMENTS = YES;
				CLANG_WARN_EMPTY_BODY = YES;
				CLANG_WARN_ENUM_CONVERSION = YES;
				CLANG_WARN_INFINITE_RECURSION = YES;
				CLANG_WARN_INT_CONVERSION = YES;
				CLANG_WARN_OBJC_ROOT_CLASS = YES_ERROR;
				CLANG_WARN_SUSPICIOUS_MOVES = YES;
				CLANG_WARN_UNREACHABLE_CODE = YES;
				CLANG_WARN__DUPLICATE_METHOD_MATCH = YES;
				"CODE_SIGN_IDENTITY[sdk=iphoneos*]" = "iPhone Developer";
				COPY_PHASE_STRIP = NO;
				DEBUG_INFORMATION_FORMAT = "dwarf-with-dsym";
				ENABLE_NS_ASSERTIONS = NO;
				ENABLE_STRICT_OBJC_MSGSEND = YES;
				GCC_C_LANGUAGE_STANDARD = gnu99;
				GCC_NO_COMMON_BLOCKS = YES;
				GCC_WARN_64_TO_32_BIT_CONVERSION = YES;
				GCC_WARN_ABOUT_RETURN_TYPE = YES_ERROR;
				GCC_WARN_UNDECLARED_SELECTOR = YES;
				GCC_WARN_UNINITIALIZED_AUTOS = YES_AGGRESSIVE;
				GCC_WARN_UNUSED_FUNCTION = YES;
				GCC_WARN_UNUSED_VARIABLE = YES;
				IPHONEOS_DEPLOYMENT_TARGET = 10.0;
				MTL_ENABLE_DEBUG_INFO = NO;
				SDKROOT = iphoneos;
				SWIFT_OPTIMIZATION_LEVEL = "-Owholemodule";
				VALIDATE_PRODUCT = YES;
			};
			name = Release;
		};
		D38AFCE71D9D05FA0087EAF9 /* Debug */ = {
			isa = XCBuildConfiguration;
			buildSettings = {
				ASSETCATALOG_COMPILER_APPICON_NAME = AppIcon;
				DEVELOPMENT_TEAM = 9KUY4UDA79;
				INFOPLIST_FILE = HackerBooks2/Info.plist;
				LD_RUNPATH_SEARCH_PATHS = "$(inherited) @executable_path/Frameworks";
				PRODUCT_BUNDLE_IDENTIFIER = com.vohcan.HackerBooks2;
				PRODUCT_NAME = "$(TARGET_NAME)";
				SWIFT_VERSION = 3.0;
			};
			name = Debug;
		};
		D38AFCE81D9D05FA0087EAF9 /* Release */ = {
			isa = XCBuildConfiguration;
			buildSettings = {
				ASSETCATALOG_COMPILER_APPICON_NAME = AppIcon;
				DEVELOPMENT_TEAM = 9KUY4UDA79;
				INFOPLIST_FILE = HackerBooks2/Info.plist;
				LD_RUNPATH_SEARCH_PATHS = "$(inherited) @executable_path/Frameworks";
				PRODUCT_BUNDLE_IDENTIFIER = com.vohcan.HackerBooks2;
				PRODUCT_NAME = "$(TARGET_NAME)";
				SWIFT_VERSION = 3.0;
			};
			name = Release;
		};
/* End XCBuildConfiguration section */

/* Begin XCConfigurationList section */
		D38AFCCF1D9D05FA0087EAF9 /* Build configuration list for PBXProject "HackerBooks2" */ = {
			isa = XCConfigurationList;
			buildConfigurations = (
				D38AFCE41D9D05FA0087EAF9 /* Debug */,
				D38AFCE51D9D05FA0087EAF9 /* Release */,
			);
			defaultConfigurationIsVisible = 0;
			defaultConfigurationName = Release;
		};
		D38AFCE61D9D05FA0087EAF9 /* Build configuration list for PBXNativeTarget "HackerBooks2" */ = {
			isa = XCConfigurationList;
			buildConfigurations = (
				D38AFCE71D9D05FA0087EAF9 /* Debug */,
				D38AFCE81D9D05FA0087EAF9 /* Release */,
			);
			defaultConfigurationIsVisible = 0;
			defaultConfigurationName = Release;
		};
/* End XCConfigurationList section */

/* Begin XCVersionGroup section */
		D38AFCE91D9D07EE0087EAF9 /* Model.xcdatamodeld */ = {
			isa = XCVersionGroup;
			children = (
				D38AFCEA1D9D07EE0087EAF9 /* Model.xcdatamodel */,
			);
			currentVersion = D38AFCEA1D9D07EE0087EAF9 /* Model.xcdatamodel */;
			path = Model.xcdatamodeld;
			sourceTree = "<group>";
			versionGroupType = wrapper.xcdatamodel;
		};
/* End XCVersionGroup section */
	};
	rootObject = D38AFCCC1D9D05FA0087EAF9 /* Project object */;
}
